
Microsoft Visual Studio Solution File, Format Version 12.00
# Visual Studio Version 16
VisualStudioVersion = 16.0.32602.291
MinimumVisualStudioVersion = 10.0.40219.1
Project("{FAE04EC0-301F-11D3-BF4B-00C04F79EFBC}") = "PW8P2-StudentGroup", "PW8P2-StudentGroup\PW8P2-StudentGroup.csproj", "{108DBE3C-6F85-4BD5-985D-D2AAF63AD8FC}"
EndProject
Project("{FAE04EC0-301F-11D3-BF4B-00C04F79EFBC}") = "UnitTestTasks", "UnitTestTasks\UnitTestTasks.csproj", "{3BC70FF9-3AEC-4481-8E51-1B0D51B245BE}"
EndProject
Global
	GlobalSection(SolutionConfigurationPlatforms) = preSolution
		Debug|Any CPU = Debug|Any CPU
		Release|Any CPU = Release|Any CPU
	EndGlobalSection
	GlobalSection(ProjectConfigurationPlatforms) = postSolution
		{108DBE3C-6F85-4BD5-985D-D2AAF63AD8FC}.Debug|Any CPU.ActiveCfg = Debug|Any CPU
		{108DBE3C-6F85-4BD5-985D-D2AAF63AD8FC}.Debug|Any CPU.Build.0 = Debug|Any CPU
		{108DBE3C-6F85-4BD5-985D-D2AAF63AD8FC}.Release|Any CPU.ActiveCfg = Release|Any CPU
		{108DBE3C-6F85-4BD5-985D-D2AAF63AD8FC}.Release|Any CPU.Build.0 = Release|Any CPU
		{3BC70FF9-3AEC-4481-8E51-1B0D51B245BE}.Debug|Any CPU.ActiveCfg = Debug|Any CPU
		{3BC70FF9-3AEC-4481-8E51-1B0D51B245BE}.Debug|Any CPU.Build.0 = Debug|Any CPU
		{3BC70FF9-3AEC-4481-8E51-1B0D51B245BE}.Release|Any CPU.ActiveCfg = Release|Any CPU
		{3BC70FF9-3AEC-4481-8E51-1B0D51B245BE}.Release|Any CPU.Build.0 = Release|Any CPU
	EndGlobalSection
	GlobalSection(SolutionProperties) = preSolution
		HideSolutionNode = FALSE
	EndGlobalSection
	GlobalSection(ExtensibilityGlobals) = postSolution
		SolutionGuid = {95310406-A497-4FB4-9DEA-4FEDCA078ACE}
	EndGlobalSection
EndGlobal
